
Microsoft Visual Studio Solution File, Format Version 12.00
# Visual Studio Version 17
VisualStudioVersion = 17.0.32112.339
MinimumVisualStudioVersion = 10.0.40219.1
Project("{FAE04EC0-301F-11D3-BF4B-00C04F79EFBC}") = "AngularTest", "AngularTest.csproj", "{271203E5-081A-4F05-9876-E6BA5BFB7F09}"
EndProject
Global
	GlobalSection(SolutionConfigurationPlatforms) = preSolution
		Debug|Any CPU = Debug|Any CPU
		Release|Any CPU = Release|Any CPU
	EndGlobalSection
	GlobalSection(ProjectConfigurationPlatforms) = postSolution
		{271203E5-081A-4F05-9876-E6BA5BFB7F09}.Debug|Any CPU.ActiveCfg = Debug|Any CPU
		{271203E5-081A-4F05-9876-E6BA5BFB7F09}.Debug|Any CPU.Build.0 = Debug|Any CPU
		{271203E5-081A-4F05-9876-E6BA5BFB7F09}.Release|Any CPU.ActiveCfg = Release|Any CPU
		{271203E5-081A-4F05-9876-E6BA5BFB7F09}.Release|Any CPU.Build.0 = Release|Any CPU
	EndGlobalSection
	GlobalSection(SolutionProperties) = preSolution
		HideSolutionNode = FALSE
	EndGlobalSection
	GlobalSection(ExtensibilityGlobals) = postSolution
		SolutionGuid = {8114655F-7B3A-4245-88A2-E63950C9F49A}
	EndGlobalSection
EndGlobal
